// !$*UTF8*$!
{
	archiveVersion = 1;
	classes = {
	};
	objectVersion = 52;
	objects = {

/* Begin PBXBuildFile section */
		BA610DE026A99F0400CD85A0 /* uberCloneApp.swift in Sources */ = {isa = PBXBuildFile; fileRef = BA610DDF26A99F0400CD85A0 /* uberCloneApp.swift */; };
		BA610DE226A99F0400CD85A0 /* ContentView.swift in Sources */ = {isa = PBXBuildFile; fileRef = BA610DE126A99F0400CD85A0 /* ContentView.swift */; };
		BA610DE426A99F0500CD85A0 /* Assets.xcassets in Resources */ = {isa = PBXBuildFile; fileRef = BA610DE326A99F0500CD85A0 /* Assets.xcassets */; };
		BA610DE726A99F0500CD85A0 /* Preview Assets.xcassets in Resources */ = {isa = PBXBuildFile; fileRef = BA610DE626A99F0500CD85A0 /* Preview Assets.xcassets */; };
		BA610DF126A9ADDF00CD85A0 /* Home.swift in Sources */ = {isa = PBXBuildFile; fileRef = BA610DF026A9ADDF00CD85A0 /* Home.swift */; };
		BA610DF726A9AE2300CD85A0 /* BookedView.swift in Sources */ = {isa = PBXBuildFile; fileRef = BA610DF226A9AE2300CD85A0 /* BookedView.swift */; };
		BA610DF826A9AE2300CD85A0 /* MapView.swift in Sources */ = {isa = PBXBuildFile; fileRef = BA610DF326A9AE2300CD85A0 /* MapView.swift */; };
		BA610DF926A9AE2300CD85A0 /* SearchView.swift in Sources */ = {isa = PBXBuildFile; fileRef = BA610DF426A9AE2300CD85A0 /* SearchView.swift */; };
		BA610DFA26A9AE2300CD85A0 /* BokkedView.swift in Sources */ = {isa = PBXBuildFile; fileRef = BA610DF526A9AE2300CD85A0 /* BokkedView.swift */; };
		BA610DFB26A9AE2300CD85A0 /* Loader.swift in Sources */ = {isa = PBXBuildFile; fileRef = BA610DF626A9AE2300CD85A0 /* Loader.swift */; };
		BA610DFD26A9AFB200CD85A0 /* GoogleService-Info.plist in Resources */ = {isa = PBXBuildFile; fileRef = BA610DFC26A9AFB200CD85A0 /* GoogleService-Info.plist */; };
		BA610E0026A9B03200CD85A0 /* FirebaseFirestore in Frameworks */ = {isa = PBXBuildFile; productRef = BA610DFF26A9B03200CD85A0 /* FirebaseFirestore */; };
/* End PBXBuildFile section */

/* Begin PBXFileReference section */
		BA610DDC26A99F0400CD85A0 /* uberClone.app */ = {isa = PBXFileReference; explicitFileType = wrapper.application; includeInIndex = 0; path = uberClone.app; sourceTree = BUILT_PRODUCTS_DIR; };
		BA610DDF26A99F0400CD85A0 /* uberCloneApp.swift */ = {isa = PBXFileReference; lastKnownFileType = sourcecode.swift; path = uberCloneApp.swift; sourceTree = "<group>"; };
		BA610DE126A99F0400CD85A0 /* ContentView.swift */ = {isa = PBXFileReference; lastKnownFileType = sourcecode.swift; path = ContentView.swift; sourceTree = "<group>"; };
		BA610DE326A99F0500CD85A0 /* Assets.xcassets */ = {isa = PBXFileReference; lastKnownFileType = folder.assetcatalog; path = Assets.xcassets; sourceTree = "<group>"; };
		BA610DE626A99F0500CD85A0 /* Preview Assets.xcassets */ = {isa = PBXFileReference; lastKnownFileType = folder.assetcatalog; path = "Preview Assets.xcassets"; sourceTree = "<group>"; };
		BA610DE826A99F0500CD85A0 /* Info.plist */ = {isa = PBXFileReference; lastKnownFileType = text.plist.xml; path = Info.plist; sourceTree = "<group>"; };
		BA610DF026A9ADDF00CD85A0 /* Home.swift */ = {isa = PBXFileReference; fileEncoding = 4; lastKnownFileType = sourcecode.swift; path = Home.swift; sourceTree = "<group>"; };
		BA610DF226A9AE2300CD85A0 /* BookedView.swift */ = {isa = PBXFileReference; fileEncoding = 4; lastKnownFileType = sourcecode.swift; path = BookedView.swift; sourceTree = "<group>"; };
		BA610DF326A9AE2300CD85A0 /* MapView.swift */ = {isa = PBXFileReference; fileEncoding = 4; lastKnownFileType = sourcecode.swift; path = MapView.swift; sourceTree = "<group>"; };
		BA610DF426A9AE2300CD85A0 /* SearchView.swift */ = {isa = PBXFileReference; fileEncoding = 4; lastKnownFileType = sourcecode.swift; name = SearchView.swift; path = "../../../../Downloads/Uber Clone/Uber Clone/SwiftUI/SearchView.swift"; sourceTree = "<group>"; };
		BA610DF526A9AE2300CD85A0 /* BokkedView.swift */ = {isa = PBXFileReference; fileEncoding = 4; lastKnownFileType = sourcecode.swift; path = BokkedView.swift; sourceTree = "<group>"; };
		BA610DF626A9AE2300CD85A0 /* Loader.swift */ = {isa = PBXFileReference; fileEncoding = 4; lastKnownFileType = sourcecode.swift; path = Loader.swift; sourceTree = "<group>"; };
		BA610DFC26A9AFB200CD85A0 /* GoogleService-Info.plist */ = {isa = PBXFileReference; fileEncoding = 4; lastKnownFileType = text.plist.xml; path = "GoogleService-Info.plist"; sourceTree = "<group>"; };
/* End PBXFileReference section */

/* Begin PBXFrameworksBuildPhase section */
		BA610DD926A99F0400CD85A0 /* Frameworks */ = {
			isa = PBXFrameworksBuildPhase;
			buildActionMask = 2147483647;
			files = (
				BA610E0026A9B03200CD85A0 /* FirebaseFirestore in Frameworks */,
			);
			runOnlyForDeploymentPostprocessing = 0;
		};
/* End PBXFrameworksBuildPhase section */

/* Begin PBXGroup section */
		BA610DD326A99F0400CD85A0 = {
			isa = PBXGroup;
			children = (
				BA610DDE26A99F0400CD85A0 /* uberClone */,
				BA610DDD26A99F0400CD85A0 /* Products */,
			);
			sourceTree = "<group>";
		};
		BA610DDD26A99F0400CD85A0 /* Products */ = {
			isa = PBXGroup;
			children = (
				BA610DDC26A99F0400CD85A0 /* uberClone.app */,
			);
			name = Products;
			sourceTree = "<group>";
		};
		BA610DDE26A99F0400CD85A0 /* uberClone */ = {
			isa = PBXGroup;
			children = (
				BA610DDF26A99F0400CD85A0 /* uberCloneApp.swift */,
				BA610DE126A99F0400CD85A0 /* ContentView.swift */,
				BA610DF526A9AE2300CD85A0 /* BokkedView.swift */,
				BA610DF226A9AE2300CD85A0 /* BookedView.swift */,
				BA610DF626A9AE2300CD85A0 /* Loader.swift */,
				BA610DF326A9AE2300CD85A0 /* MapView.swift */,
				BA610DF426A9AE2300CD85A0 /* SearchView.swift */,
				BA610DFC26A9AFB200CD85A0 /* GoogleService-Info.plist */,
				BA610DF026A9ADDF00CD85A0 /* Home.swift */,
				BA610DE326A99F0500CD85A0 /* Assets.xcassets */,
				BA610DE826A99F0500CD85A0 /* Info.plist */,
				BA610DE526A99F0500CD85A0 /* Preview Content */,
			);
			path = uberClone;
			sourceTree = "<group>";
		};
		BA610DE526A99F0500CD85A0 /* Preview Content */ = {
			isa = PBXGroup;
			children = (
				BA610DE626A99F0500CD85A0 /* Preview Assets.xcassets */,
			);
			path = "Preview Content";
			sourceTree = "<group>";
		};
/* End PBXGroup section */

/* Begin PBXNativeTarget section */
		BA610DDB26A99F0400CD85A0 /* uberClone */ = {
			isa = PBXNativeTarget;
			buildConfigurationList = BA610DEB26A99F0500CD85A0 /* Build configuration list for PBXNativeTarget "uberClone" */;
			buildPhases = (
				BA610DD826A99F0400CD85A0 /* Sources */,
				BA610DD926A99F0400CD85A0 /* Frameworks */,
				BA610DDA26A99F0400CD85A0 /* Resources */,
			);
			buildRules = (
			);
			dependencies = (
			);
			name = uberClone;
			packageProductDependencies = (
				BA610DFF26A9B03200CD85A0 /* FirebaseFirestore */,
			);
			productName = uberClone;
			productReference = BA610DDC26A99F0400CD85A0 /* uberClone.app */;
			productType = "com.apple.product-type.application";
		};
/* End PBXNativeTarget section */

/* Begin PBXProject section */
		BA610DD426A99F0400CD85A0 /* Project object */ = {
			isa = PBXProject;
			attributes = {
				LastSwiftUpdateCheck = 1250;
				LastUpgradeCheck = 1250;
				TargetAttributes = {
					BA610DDB26A99F0400CD85A0 = {
						CreatedOnToolsVersion = 12.5.1;
					};
				};
			};
			buildConfigurationList = BA610DD726A99F0400CD85A0 /* Build configuration list for PBXProject "uberClone" */;
			compatibilityVersion = "Xcode 9.3";
			developmentRegion = en;
			hasScannedForEncodings = 0;
			knownRegions = (
				en,
				Base,
			);
			mainGroup = BA610DD326A99F0400CD85A0;
			packageReferences = (
				BA610DFE26A9B03200CD85A0 /* XCRemoteSwiftPackageReference "firebase-ios-sdk" */,
			);
			productRefGroup = BA610DDD26A99F0400CD85A0 /* Products */;
			projectDirPath = "";
			projectRoot = "";
			targets = (
				BA610DDB26A99F0400CD85A0 /* uberClone */,
			);
		};
/* End PBXProject section */

/* Begin PBXResourcesBuildPhase section */
		BA610DDA26A99F0400CD85A0 /* Resources */ = {
			isa = PBXResourcesBuildPhase;
			buildActionMask = 2147483647;
			files = (
				BA610DE726A99F0500CD85A0 /* Preview Assets.xcassets in Resources */,
				BA610DFD26A9AFB200CD85A0 /* GoogleService-Info.plist in Resources */,
				BA610DE426A99F0500CD85A0 /* Assets.xcassets in Resources */,
			);
			runOnlyForDeploymentPostprocessing = 0;
		};
/* End PBXResourcesBuildPhase section */

/* Begin PBXSourcesBuildPhase section */
		BA610DD826A99F0400CD85A0 /* Sources */ = {
			isa = PBXSourcesBuildPhase;
			buildActionMask = 2147483647;
			files = (
				BA610DE226A99F0400CD85A0 /* ContentView.swift in Sources */,
				BA610DF826A9AE2300CD85A0 /* MapView.swift in Sources */,
				BA610DF726A9AE2300CD85A0 /* BookedView.swift in Sources */,
				BA610DF926A9AE2300CD85A0 /* SearchView.swift in Sources */,
				BA610DE026A99F0400CD85A0 /* uberCloneApp.swift in Sources */,
				BA610DF126A9ADDF00CD85A0 /* Home.swift in Sources */,
				BA610DFA26A9AE2300CD85A0 /* BokkedView.swift in Sources */,
				BA610DFB26A9AE2300CD85A0 /* Loader.swift in Sources */,
			);
			runOnlyForDeploymentPostprocessing = 0;
		};
/* End PBXSourcesBuildPhase section */

/* Begin XCBuildConfiguration section */
		BA610DE926A99F0500CD85A0 /* Debug */ = {
			isa = XCBuildConfiguration;
			buildSettings = {
				ALWAYS_SEARCH_USER_PATHS = NO;
				CLANG_ANALYZER_NONNULL = YES;
				CLANG_ANALYZER_NUMBER_OBJECT_CONVERSION = YES_AGGRESSIVE;
				CLANG_CXX_LANGUAGE_STANDARD = "gnu++14";
				CLANG_CXX_LIBRARY = "libc++";
				CLANG_ENABLE_MODULES = YES;
				CLANG_ENABLE_OBJC_ARC = YES;
				CLANG_ENABLE_OBJC_WEAK = YES;
				CLANG_WARN_BLOCK_CAPTURE_AUTORELEASING = YES;
				CLANG_WARN_BOOL_CONVERSION = YES;
				CLANG_WARN_COMMA = YES;
				CLANG_WARN_CONSTANT_CONVERSION = YES;
				CLANG_WARN_DEPRECATED_OBJC_IMPLEMENTATIONS = YES;
				CLANG_WARN_DIRECT_OBJC_ISA_USAGE = YES_ERROR;
				CLANG_WARN_DOCUMENTATION_COMMENTS = YES;
				CLANG_WARN_EMPTY_BODY = YES;
				CLANG_WARN_ENUM_CONVERSION = YES;
				CLANG_WARN_INFINITE_RECURSION = YES;
				CLANG_WARN_INT_CONVERSION = YES;
				CLANG_WARN_NON_LITERAL_NULL_CONVERSION = YES;
				CLANG_WARN_OBJC_IMPLICIT_RETAIN_SELF = YES;
				CLANG_WARN_OBJC_LITERAL_CONVERSION = YES;
				CLANG_WARN_OBJC_ROOT_CLASS = YES_ERROR;
				CLANG_WARN_QUOTED_INCLUDE_IN_FRAMEWORK_HEADER = YES;
				CLANG_WARN_RANGE_LOOP_ANALYSIS = YES;
				CLANG_WARN_STRICT_PROTOTYPES = YES;
				CLANG_WARN_SUSPICIOUS_MOVE = YES;
				CLANG_WARN_UNGUARDED_AVAILABILITY = YES_AGGRESSIVE;
				CLANG_WARN_UNREACHABLE_CODE = YES;
				CLANG_WARN__DUPLICATE_METHOD_MATCH = YES;
				COPY_PHASE_STRIP = NO;
				DEBUG_INFORMATION_FORMAT = dwarf;
				ENABLE_STRICT_OBJC_MSGSEND = YES;
				ENABLE_TESTABILITY = YES;
				GCC_C_LANGUAGE_STANDARD = gnu11;
				GCC_DYNAMIC_NO_PIC = NO;
				GCC_NO_COMMON_BLOCKS = YES;
				GCC_OPTIMIZATION_LEVEL = 0;
				GCC_PREPROCESSOR_DEFINITIONS = (
					"DEBUG=1",
					"$(inherited)",
				);
				GCC_WARN_64_TO_32_BIT_CONVERSION = YES;
				GCC_WARN_ABOUT_RETURN_TYPE = YES_ERROR;
				GCC_WARN_UNDECLARED_SELECTOR = YES;
				GCC_WARN_UNINITIALIZED_AUTOS = YES_AGGRESSIVE;
				GCC_WARN_UNUSED_FUNCTION = YES;
				GCC_WARN_UNUSED_VARIABLE = YES;
				IPHONEOS_DEPLOYMENT_TARGET = 14.5;
				MTL_ENABLE_DEBUG_INFO = INCLUDE_SOURCE;
				MTL_FAST_MATH = YES;
				ONLY_ACTIVE_ARCH = YES;
				SDKROOT = iphoneos;
				SWIFT_ACTIVE_COMPILATION_CONDITIONS = DEBUG;
				SWIFT_OPTIMIZATION_LEVEL = "-Onone";
			};
			name = Debug;
		};
		BA610DEA26A99F0500CD85A0 /* Release */ = {
			isa = XCBuildConfiguration;
			buildSettings = {
				ALWAYS_SEARCH_USER_PATHS = NO;
				CLANG_ANALYZER_NONNULL = YES;
				CLANG_ANALYZER_NUMBER_OBJECT_CONVERSION = YES_AGGRESSIVE;
				CLANG_CXX_LANGUAGE_STANDARD = "gnu++14";
				CLANG_CXX_LIBRARY = "libc++";
				CLANG_ENABLE_MODULES = YES;
				CLANG_ENABLE_OBJC_ARC = YES;
				CLANG_ENABLE_OBJC_WEAK = YES;
				CLANG_WARN_BLOCK_CAPTURE_AUTORELEASING = YES;
				CLANG_WARN_BOOL_CONVERSION = YES;
				CLANG_WARN_COMMA = YES;
				CLANG_WARN_CONSTANT_CONVERSION = YES;
				CLANG_WARN_DEPRECATED_OBJC_IMPLEMENTATIONS = YES;
				CLANG_WARN_DIRECT_OBJC_ISA_USAGE = YES_ERROR;
				CLANG_WARN_DOCUMENTATION_COMMENTS = YES;
				CLANG_WARN_EMPTY_BODY = YES;
				CLANG_WARN_ENUM_CONVERSION = YES;
				CLANG_WARN_INFINITE_RECURSION = YES;
				CLANG_WARN_INT_CONVERSION = YES;
				CLANG_WARN_NON_LITERAL_NULL_CONVERSION = YES;
				CLANG_WARN_OBJC_IMPLICIT_RETAIN_SELF = YES;
				CLANG_WARN_OBJC_LITERAL_CONVERSION = YES;
				CLANG_WARN_OBJC_ROOT_CLASS = YES_ERROR;
				CLANG_WARN_QUOTED_INCLUDE_IN_FRAMEWORK_HEADER = YES;
				CLANG_WARN_RANGE_LOOP_ANALYSIS = YES;
				CLANG_WARN_STRICT_PROTOTYPES = YES;
				CLANG_WARN_SUSPICIOUS_MOVE = YES;
				CLANG_WARN_UNGUARDED_AVAILABILITY = YES_AGGRESSIVE;
				CLANG_WARN_UNREACHABLE_CODE = YES;
				CLANG_WARN__DUPLICATE_METHOD_MATCH = YES;
				COPY_PHASE_STRIP = NO;
				DEBUG_INFORMATION_FORMAT = "dwarf-with-dsym";
				ENABLE_NS_ASSERTIONS = NO;
				ENABLE_STRICT_OBJC_MSGSEND = YES;
				GCC_C_LANGUAGE_STANDARD = gnu11;
				GCC_NO_COMMON_BLOCKS = YES;
				GCC_WARN_64_TO_32_BIT_CONVERSION = YES;
				GCC_WARN_ABOUT_RETURN_TYPE = YES_ERROR;
				GCC_WARN_UNDECLARED_SELECTOR = YES;
				GCC_WARN_UNINITIALIZED_AUTOS = YES_AGGRESSIVE;
				GCC_WARN_UNUSED_FUNCTION = YES;
				GCC_WARN_UNUSED_VARIABLE = YES;
				IPHONEOS_DEPLOYMENT_TARGET = 14.5;
				MTL_ENABLE_DEBUG_INFO = NO;
				MTL_FAST_MATH = YES;
				SDKROOT = iphoneos;
				SWIFT_COMPILATION_MODE = wholemodule;
				SWIFT_OPTIMIZATION_LEVEL = "-O";
				VALIDATE_PRODUCT = YES;
			};
			name = Release;
		};
		BA610DEC26A99F0500CD85A0 /* Debug */ = {
			isa = XCBuildConfiguration;
			buildSettings = {
				ASSETCATALOG_COMPILER_APPICON_NAME = AppIcon;
				ASSETCATALOG_COMPILER_GLOBAL_ACCENT_COLOR_NAME = AccentColor;
				CODE_SIGN_STYLE = Automatic;
				DEVELOPMENT_ASSET_PATHS = "\"uberClone/Preview Content\"";
				DEVELOPMENT_TEAM = 827NDX56M9;
				ENABLE_PREVIEWS = YES;
				INFOPLIST_FILE = uberClone/Info.plist;
				IPHONEOS_DEPLOYMENT_TARGET = 14.0;
				LD_RUNPATH_SEARCH_PATHS = (
					"$(inherited)",
					"@executable_path/Frameworks",
				);
				PRODUCT_BUNDLE_IDENTIFIER = com.glymaxus.uberClone;
				PRODUCT_NAME = "$(TARGET_NAME)";
				SWIFT_VERSION = 5.0;
				TARGETED_DEVICE_FAMILY = "1,2";
			};
			name = Debug;
		};
		BA610DED26A99F0500CD85A0 /* Release */ = {
			isa = XCBuildConfiguration;
			buildSettings = {
				ASSETCATALOG_COMPILER_APPICON_NAME = AppIcon;
				ASSETCATALOG_COMPILER_GLOBAL_ACCENT_COLOR_NAME = AccentColor;
				CODE_SIGN_STYLE = Automatic;
				DEVELOPMENT_ASSET_PATHS = "\"uberClone/Preview Content\"";
				DEVELOPMENT_TEAM = 827NDX56M9;
				ENABLE_PREVIEWS = YES;
				INFOPLIST_FILE = uberClone/Info.plist;
				IPHONEOS_DEPLOYMENT_TARGET = 14.0;
				LD_RUNPATH_SEARCH_PATHS = (
					"$(inherited)",
					"@executable_path/Frameworks",
				);
				PRODUCT_BUNDLE_IDENTIFIER = com.glymaxus.uberClone;
				PRODUCT_NAME = "$(TARGET_NAME)";
				SWIFT_VERSION = 5.0;
				TARGETED_DEVICE_FAMILY = "1,2";
			};
			name = Release;
		};
/* End XCBuildConfiguration section */

/* Begin XCConfigurationList section */
		BA610DD726A99F0400CD85A0 /* Build configuration list for PBXProject "uberClone" */ = {
			isa = XCConfigurationList;
			buildConfigurations = (
				BA610DE926A99F0500CD85A0 /* Debug */,
				BA610DEA26A99F0500CD85A0 /* Release */,
			);
			defaultConfigurationIsVisible = 0;
			defaultConfigurationName = Release;
		};
		BA610DEB26A99F0500CD85A0 /* Build configuration list for PBXNativeTarget "uberClone" */ = {
			isa = XCConfigurationList;
			buildConfigurations = (
				BA610DEC26A99F0500CD85A0 /* Debug */,
				BA610DED26A99F0500CD85A0 /* Release */,
			);
			defaultConfigurationIsVisible = 0;
			defaultConfigurationName = Release;
		};
/* End XCConfigurationList section */

/* Begin XCRemoteSwiftPackageReference section */
		BA610DFE26A9B03200CD85A0 /* XCRemoteSwiftPackageReference "firebase-ios-sdk" */ = {
			isa = XCRemoteSwiftPackageReference;
			repositoryURL = "https://github.com/firebase/firebase-ios-sdk.git";
			requirement = {
				kind = upToNextMajorVersion;
				minimumVersion = 8.4.0;
			};
		};
/* End XCRemoteSwiftPackageReference section */

/* Begin XCSwiftPackageProductDependency section */
		BA610DFF26A9B03200CD85A0 /* FirebaseFirestore */ = {
			isa = XCSwiftPackageProductDependency;
			package = BA610DFE26A9B03200CD85A0 /* XCRemoteSwiftPackageReference "firebase-ios-sdk" */;
			productName = FirebaseFirestore;
		};
/* End XCSwiftPackageProductDependency section */
	};
	rootObject = BA610DD426A99F0400CD85A0 /* Project object */;
}
